
Microsoft Visual Studio Solution File, Format Version 12.00
# Visual Studio 15
Project("{FAE04EC0-301F-11D3-BF4B-00C04F79EFBC}") = "W3ResourceChallenges", "W3ResourceChallenges\W3ResourceChallenges.csproj", "{1FC6D643-5D3F-4189-8E84-DEF82B49E2BB}"
EndProject
Global
	GlobalSection(SolutionConfigurationPlatforms) = preSolution
		Debug|anycpu = Debug|anycpu
		Release|anycpu = Release|anycpu
	EndGlobalSection
	GlobalSection(ProjectConfigurationPlatforms) = postSolution
		{1FC6D643-5D3F-4189-8E84-DEF82B49E2BB}.Debug|anycpu.ActiveCfg = Debug|anycpu
		{1FC6D643-5D3F-4189-8E84-DEF82B49E2BB}.Debug|anycpu.Build.0 = Debug|anycpu
		{1FC6D643-5D3F-4189-8E84-DEF82B49E2BB}.Release|anycpu.ActiveCfg = Release|anycpu
		{1FC6D643-5D3F-4189-8E84-DEF82B49E2BB}.Release|anycpu.Build.0 = Release|anycpu
	EndGlobalSection
EndGlobal
